
Microsoft Visual Studio Solution File, Format Version 12.00
# Visual Studio 14
VisualStudioVersion = 14.0.25123.0
MinimumVisualStudioVersion = 10.0.40219.1
Project("{FAE04EC0-301F-11D3-BF4B-00C04F79EFBC}") = "MedicSystem", "MedicSystem\MedicSystem.csproj", "{5ED2709C-8156-4483-8B03-2A2CBB03373E}"
EndProject
Project("{FAE04EC0-301F-11D3-BF4B-00C04F79EFBC}") = "DataAccess", "DataAccess\DataAccess.csproj", "{47F4EF50-828C-455A-9B3C-62AC81857655}"
EndProject
Project("{FAE04EC0-301F-11D3-BF4B-00C04F79EFBC}") = "MedicSystemAPI", "MedicSystemAPI\MedicSystemAPI.csproj", "{F228B7D0-1081-4707-B5A0-5E911F4DC75E}"
EndProject
Global
	GlobalSection(SolutionConfigurationPlatforms) = preSolution
		Debug|Any CPU = Debug|Any CPU
		Release|Any CPU = Release|Any CPU
	EndGlobalSection
	GlobalSection(ProjectConfigurationPlatforms) = postSolution
		{5ED2709C-8156-4483-8B03-2A2CBB03373E}.Debug|Any CPU.ActiveCfg = Debug|Any CPU
		{5ED2709C-8156-4483-8B03-2A2CBB03373E}.Debug|Any CPU.Build.0 = Debug|Any CPU
		{5ED2709C-8156-4483-8B03-2A2CBB03373E}.Release|Any CPU.ActiveCfg = Release|Any CPU
		{5ED2709C-8156-4483-8B03-2A2CBB03373E}.Release|Any CPU.Build.0 = Release|Any CPU
		{47F4EF50-828C-455A-9B3C-62AC81857655}.Debug|Any CPU.ActiveCfg = Debug|Any CPU
		{47F4EF50-828C-455A-9B3C-62AC81857655}.Debug|Any CPU.Build.0 = Debug|Any CPU
		{47F4EF50-828C-455A-9B3C-62AC81857655}.Release|Any CPU.ActiveCfg = Release|Any CPU
		{47F4EF50-828C-455A-9B3C-62AC81857655}.Release|Any CPU.Build.0 = Release|Any CPU
		{F228B7D0-1081-4707-B5A0-5E911F4DC75E}.Debug|Any CPU.ActiveCfg = Debug|Any CPU
		{F228B7D0-1081-4707-B5A0-5E911F4DC75E}.Debug|Any CPU.Build.0 = Debug|Any CPU
		{F228B7D0-1081-4707-B5A0-5E911F4DC75E}.Release|Any CPU.ActiveCfg = Release|Any CPU
		{F228B7D0-1081-4707-B5A0-5E911F4DC75E}.Release|Any CPU.Build.0 = Release|Any CPU
	EndGlobalSection
	GlobalSection(SolutionProperties) = preSolution
		HideSolutionNode = FALSE
	EndGlobalSection
EndGlobal
